{
  "object": {
    "pins": [
      {
        "package": "swift-nio",
        "repositoryURL": "https://github.com/apple/swift-nio.git",
        "state": {
          "branch": null,
          "revision": "4409b57d4c0c40d41ac2b320fccf02e4d451e3db",
          "version": "2.13.0"
        }
      },
      {
        "package": "swift-nio-extras",
        "repositoryURL": "https://github.com/apple/swift-nio-extras.git",
        "state": {
          "branch": null,
          "revision": "b4dbfacff47fb8d0f9e0a422d8d37935a9f10570",
          "version": "1.4.0"
        }
      },
      {
        "package": "async-http-client",
        "repositoryURL": "https://github.com/swift-server/swift-nio-http-client.git",
        "state": {
          "branch": "master",
          "revision": "a49510c9f1c72a4a64dda8d429827f445cac86a7",
          "version": null
        }
      },
      {
        "package": "swift-nio-ssl",
        "repositoryURL": "https://github.com/apple/swift-nio-ssl.git",
        "state": {
          "branch": null,
          "revision": "cf54f5c1db1c3740a6c7d662dc8569c150c3846c",
          "version": "2.6.0"
        }
      },
      {
        "package": "websocket-kit",
        "repositoryURL": "https://github.com/vapor/websocket-kit.git",
        "state": {
          "branch": "master",
          "revision": "766b4b0005a158550c345671c8e7cea42af104b6",
          "version": null
        }
      }
    ]
  },
  "version": 1
}
